{
  "name": "keycloak",
  "lockfileVersion": 2,
  "requires": true,
  "packages": {
    "": {
      "name": "keycloak",
      "devDependencies": {
        "copyfiles": "2.4.0"
      },
      "dependencies": {
        "@gemeente-denhaag/keycloak": "*"
      }
    },
    "../denhaag/packages/components-css": {
      "name": "@gemeente-denhaag/components-css",
      "version": "0.1.1-alpha.235",
      "extraneous": true,
      "license": "EUPL-1.2"
    },
    "../denhaag/packages/keycloak": {
      "name": "@gemeente-denhaag/keycloak",
      "version": "0.1.1-alpha.234",
      "extraneous": true,
      "license": "SEE LICENSE IN ./LICENSE.md",
      "dependencies": {
        "@gemeente-denhaag/design-tokens-components": "0.2.3-alpha.288",
        "@utrecht/components": "1.0.0-alpha.314"
      }
    },
    "../denhaag/proprietary/Common": {
      "name": "@gemeente-denhaag/design-tokens-common",
      "version": "0.2.3-alpha.289",
      "extraneous": true,
      "license": "EUPL-1.2",
      "devDependencies": {
        "@gemeente-denhaag/design-tokens-proprietary": "0.2.3-alpha.289"
      }
    },
    "../denhaag/proprietary/Components": {
      "name": "@gemeente-denhaag/design-tokens-components",
      "version": "0.2.3-alpha.289",
      "extraneous": true,
      "license": "EUPL-1.2",
      "devDependencies": {
        "@gemeente-denhaag/design-tokens-common": "0.2.3-alpha.289",
        "@gemeente-denhaag/design-tokens-proprietary": "0.2.3-alpha.289"
      }
    },
    "node_modules/ansi-regex": {
      "version": "5.0.1",
      "dev": true,
      "license": "MIT",
      "engines": {
        "node": ">=8"
      }
    },
    "node_modules/ansi-styles": {
      "version": "4.3.0",
      "dev": true,
      "license": "MIT",
      "dependencies": {
        "color-convert": "^2.0.1"
      },
      "engines": {
        "node": ">=8"
      },
      "funding": {
        "url": "https://github.com/chalk/ansi-styles?sponsor=1"
      }
    },
    "node_modules/balanced-match": {
      "version": "1.0.2",
      "dev": true,
      "license": "MIT"
    },
    "node_modules/brace-expansion": {
      "version": "1.1.11",
      "dev": true,
      "license": "MIT",
      "dependencies": {
        "balanced-match": "^1.0.0",
        "concat-map": "0.0.1"
      }
    },
    "node_modules/camelcase": {
      "version": "5.3.1",
      "dev": true,
      "license": "MIT",
      "engines": {
        "node": ">=6"
      }
    },
    "node_modules/cliui": {
      "version": "6.0.0",
      "dev": true,
      "license": "ISC",
      "dependencies": {
        "string-width": "^4.2.0",
        "strip-ansi": "^6.0.0",
        "wrap-ansi": "^6.2.0"
      }
    },
    "node_modules/color-convert": {
      "version": "2.0.1",
      "dev": true,
      "license": "MIT",
      "dependencies": {
        "color-name": "~1.1.4"
      },
      "engines": {
        "node": ">=7.0.0"
      }
    },
    "node_modules/color-name": {
      "version": "1.1.4",
      "dev": true,
      "license": "MIT"
    },
    "node_modules/concat-map": {
      "version": "0.0.1",
      "dev": true,
      "license": "MIT"
    },
    "node_modules/copyfiles": {
      "version": "2.4.0",
      "dev": true,
      "license": "MIT",
      "dependencies": {
        "glob": "^7.0.5",
        "minimatch": "^3.0.3",
        "mkdirp": "^1.0.4",
        "noms": "0.0.0",
        "through2": "^2.0.1",
        "untildify": "^4.0.0",
        "yargs": "^15.3.1"
      },
      "bin": {
        "copyfiles": "copyfiles",
        "copyup": "copyfiles"
      }
    },
    "node_modules/core-util-is": {
      "version": "1.0.3",
      "dev": true,
      "license": "MIT"
    },
    "node_modules/decamelize": {
      "version": "1.2.0",
      "dev": true,
      "license": "MIT",
      "engines": {
        "node": ">=0.10.0"
      }
    },
    "node_modules/emoji-regex": {
      "version": "8.0.0",
      "dev": true,
      "license": "MIT"
    },
    "node_modules/find-up": {
      "version": "4.1.0",
      "dev": true,
      "license": "MIT",
      "dependencies": {
        "locate-path": "^5.0.0",
        "path-exists": "^4.0.0"
      },
      "engines": {
        "node": ">=8"
      }
    },
    "node_modules/fs.realpath": {
      "version": "1.0.0",
      "dev": true,
      "license": "ISC"
    },
    "node_modules/get-caller-file": {
      "version": "2.0.5",
      "dev": true,
      "license": "ISC",
      "engines": {
        "node": "6.* || 8.* || >= 10.*"
      }
    },
    "node_modules/glob": {
      "version": "7.2.3",
      "dev": true,
      "license": "ISC",
      "dependencies": {
        "fs.realpath": "^1.0.0",
        "inflight": "^1.0.4",
        "inherits": "2",
        "minimatch": "^3.1.1",
        "once": "^1.3.0",
        "path-is-absolute": "^1.0.0"
      },
      "engines": {
        "node": "*"
      },
      "funding": {
        "url": "https://github.com/sponsors/isaacs"
      }
    },
    "node_modules/inflight": {
      "version": "1.0.6",
      "dev": true,
      "license": "ISC",
      "dependencies": {
        "once": "^1.3.0",
        "wrappy": "1"
      }
    },
    "node_modules/inherits": {
      "version": "2.0.4",
      "dev": true,
      "license": "ISC"
    },
    "node_modules/is-fullwidth-code-point": {
      "version": "3.0.0",
      "dev": true,
      "license": "MIT",
      "engines": {
        "node": ">=8"
      }
    },
    "node_modules/isarray": {
      "version": "0.0.1",
      "dev": true,
      "license": "MIT"
    },
    "node_modules/locate-path": {
      "version": "5.0.0",
      "dev": true,
      "license": "MIT",
      "dependencies": {
        "p-locate": "^4.1.0"
      },
      "engines": {
        "node": ">=8"
      }
    },
    "node_modules/minimatch": {
      "version": "3.1.2",
      "dev": true,
      "license": "ISC",
      "dependencies": {
        "brace-expansion": "^1.1.7"
      },
      "engines": {
        "node": "*"
      }
    },
    "node_modules/mkdirp": {
      "version": "1.0.4",
      "dev": true,
      "license": "MIT",
      "bin": {
        "mkdirp": "bin/cmd.js"
      },
      "engines": {
        "node": ">=10"
      }
    },
    "node_modules/noms": {
      "version": "0.0.0",
      "dev": true,
      "license": "ISC",
      "dependencies": {
        "inherits": "^2.0.1",
        "readable-stream": "~1.0.31"
      }
    },
    "node_modules/once": {
      "version": "1.4.0",
      "dev": true,
      "license": "ISC",
      "dependencies": {
        "wrappy": "1"
      }
    },
    "node_modules/p-limit": {
      "version": "2.3.0",
      "dev": true,
      "license": "MIT",
      "dependencies": {
        "p-try": "^2.0.0"
      },
      "engines": {
        "node": ">=6"
      },
      "funding": {
        "url": "https://github.com/sponsors/sindresorhus"
      }
    },
    "node_modules/p-locate": {
      "version": "4.1.0",
      "dev": true,
      "license": "MIT",
      "dependencies": {
        "p-limit": "^2.2.0"
      },
      "engines": {
        "node": ">=8"
      }
    },
    "node_modules/p-try": {
      "version": "2.2.0",
      "dev": true,
      "license": "MIT",
      "engines": {
        "node": ">=6"
      }
    },
    "node_modules/path-exists": {
      "version": "4.0.0",
      "dev": true,
      "license": "MIT",
      "engines": {
        "node": ">=8"
      }
    },
    "node_modules/path-is-absolute": {
      "version": "1.0.1",
      "dev": true,
      "license": "MIT",
      "engines": {
        "node": ">=0.10.0"
      }
    },
    "node_modules/process-nextick-args": {
      "version": "2.0.1",
      "dev": true,
      "license": "MIT"
    },
    "node_modules/readable-stream": {
      "version": "1.0.34",
      "dev": true,
      "license": "MIT",
      "dependencies": {
        "core-util-is": "~1.0.0",
        "inherits": "~2.0.1",
        "isarray": "0.0.1",
        "string_decoder": "~0.10.x"
      }
    },
    "node_modules/require-directory": {
      "version": "2.1.1",
      "dev": true,
      "license": "MIT",
      "engines": {
        "node": ">=0.10.0"
      }
    },
    "node_modules/require-main-filename": {
      "version": "2.0.0",
      "dev": true,
      "license": "ISC"
    },
    "node_modules/safe-buffer": {
      "version": "5.1.2",
      "dev": true,
      "license": "MIT"
    },
    "node_modules/set-blocking": {
      "version": "2.0.0",
      "dev": true,
      "license": "ISC"
    },
    "node_modules/string_decoder": {
      "version": "0.10.31",
      "dev": true,
      "license": "MIT"
    },
    "node_modules/string-width": {
      "version": "4.2.3",
      "dev": true,
      "license": "MIT",
      "dependencies": {
        "emoji-regex": "^8.0.0",
        "is-fullwidth-code-point": "^3.0.0",
        "strip-ansi": "^6.0.1"
      },
      "engines": {
        "node": ">=8"
      }
    },
    "node_modules/strip-ansi": {
      "version": "6.0.1",
      "dev": true,
      "license": "MIT",
      "dependencies": {
        "ansi-regex": "^5.0.1"
      },
      "engines": {
        "node": ">=8"
      }
    },
    "node_modules/through2": {
      "version": "2.0.5",
      "dev": true,
      "license": "MIT",
      "dependencies": {
        "readable-stream": "~2.3.6",
        "xtend": "~4.0.1"
      }
    },
    "node_modules/through2/node_modules/isarray": {
      "version": "1.0.0",
      "dev": true,
      "license": "MIT"
    },
    "node_modules/through2/node_modules/readable-stream": {
      "version": "2.3.7",
      "dev": true,
      "license": "MIT",
      "dependencies": {
        "core-util-is": "~1.0.0",
        "inherits": "~2.0.3",
        "isarray": "~1.0.0",
        "process-nextick-args": "~2.0.0",
        "safe-buffer": "~5.1.1",
        "string_decoder": "~1.1.1",
        "util-deprecate": "~1.0.1"
      }
    },
    "node_modules/through2/node_modules/string_decoder": {
      "version": "1.1.1",
      "dev": true,
      "license": "MIT",
      "dependencies": {
        "safe-buffer": "~5.1.0"
      }
    },
    "node_modules/untildify": {
      "version": "4.0.0",
      "dev": true,
      "license": "MIT",
      "engines": {
        "node": ">=8"
      }
    },
    "node_modules/util-deprecate": {
      "version": "1.0.2",
      "dev": true,
      "license": "MIT"
    },
    "node_modules/which-module": {
      "version": "2.0.0",
      "dev": true,
      "license": "ISC"
    },
    "node_modules/wrap-ansi": {
      "version": "6.2.0",
      "dev": true,
      "license": "MIT",
      "dependencies": {
        "ansi-styles": "^4.0.0",
        "string-width": "^4.1.0",
        "strip-ansi": "^6.0.0"
      },
      "engines": {
        "node": ">=8"
      }
    },
    "node_modules/wrappy": {
      "version": "1.0.2",
      "dev": true,
      "license": "ISC"
    },
    "node_modules/xtend": {
      "version": "4.0.2",
      "dev": true,
      "license": "MIT",
      "engines": {
        "node": ">=0.4"
      }
    },
    "node_modules/y18n": {
      "version": "4.0.3",
      "dev": true,
      "license": "ISC"
    },
    "node_modules/yargs": {
      "version": "15.4.1",
      "dev": true,
      "license": "MIT",
      "dependencies": {
        "cliui": "^6.0.0",
        "decamelize": "^1.2.0",
        "find-up": "^4.1.0",
        "get-caller-file": "^2.0.1",
        "require-directory": "^2.1.1",
        "require-main-filename": "^2.0.0",
        "set-blocking": "^2.0.0",
        "string-width": "^4.2.0",
        "which-module": "^2.0.0",
        "y18n": "^4.0.0",
        "yargs-parser": "^18.1.2"
      },
      "engines": {
        "node": ">=8"
      }
    },
    "node_modules/yargs-parser": {
      "version": "18.1.3",
      "dev": true,
      "license": "ISC",
      "dependencies": {
        "camelcase": "^5.0.0",
        "decamelize": "^1.2.0"
      },
      "engines": {
        "node": ">=6"
      }
    }
  },
  "dependencies": {
    "@gemeente-denhaag/card-authentication": {
      "version": "0.1.1-alpha.21",
      "resolved": "https://registry.npmjs.org/@gemeente-denhaag/card-authentication/-/card-authentication-0.1.1-alpha.21.tgz",
      "integrity": "sha512-zV7sx+CGXE18HHFhZFTruyYS7WRitXIkR4xEuh+6cttRA4vSNffzxO+5xTxNA9xzRS3jqyVwson1tyPvRI/8RA==",
      "peer": true
    },
    "ansi-regex": {
      "version": "5.0.1",
      "dev": true
    },
    "ansi-styles": {
      "version": "4.3.0",
      "dev": true,
      "requires": {
        "color-convert": "^2.0.1"
      }
    },
    "balanced-match": {
      "version": "1.0.2",
      "dev": true
    },
    "brace-expansion": {
      "version": "1.1.11",
      "dev": true,
      "requires": {
        "balanced-match": "^1.0.0",
        "concat-map": "0.0.1"
      }
    },
    "camelcase": {
      "version": "5.3.1",
      "dev": true
    },
    "cliui": {
      "version": "6.0.0",
      "dev": true,
      "requires": {
        "string-width": "^4.2.0",
        "strip-ansi": "^6.0.0",
        "wrap-ansi": "^6.2.0"
      }
    },
    "color-convert": {
      "version": "2.0.1",
      "dev": true,
      "requires": {
        "color-name": "~1.1.4"
      }
    },
    "color-name": {
      "version": "1.1.4",
      "dev": true
    },
    "concat-map": {
      "version": "0.0.1",
      "dev": true
    },
    "copyfiles": {
      "version": "2.4.0",
      "dev": true,
      "requires": {
        "glob": "^7.0.5",
        "minimatch": "^3.0.3",
        "mkdirp": "^1.0.4",
        "noms": "0.0.0",
        "through2": "^2.0.1",
        "untildify": "^4.0.0",
        "yargs": "^15.3.1"
      }
    },
    "core-util-is": {
      "version": "1.0.3",
      "dev": true
    },
    "decamelize": {
      "version": "1.2.0",
      "dev": true
    },
    "emoji-regex": {
      "version": "8.0.0",
      "dev": true
    },
    "find-up": {
      "version": "4.1.0",
      "dev": true,
      "requires": {
        "locate-path": "^5.0.0",
        "path-exists": "^4.0.0"
      }
    },
    "fs.realpath": {
      "version": "1.0.0",
      "dev": true
    },
    "get-caller-file": {
      "version": "2.0.5",
      "dev": true
    },
    "glob": {
      "version": "7.2.3",
      "dev": true,
      "requires": {
        "fs.realpath": "^1.0.0",
        "inflight": "^1.0.4",
        "inherits": "2",
        "minimatch": "^3.1.1",
        "once": "^1.3.0",
        "path-is-absolute": "^1.0.0"
      }
    },
    "inflight": {
      "version": "1.0.6",
      "dev": true,
      "requires": {
        "once": "^1.3.0",
        "wrappy": "1"
      }
    },
    "inherits": {
      "version": "2.0.4",
      "dev": true
    },
    "is-fullwidth-code-point": {
      "version": "3.0.0",
      "dev": true
    },
    "isarray": {
      "version": "0.0.1",
      "dev": true
    },
    "locate-path": {
      "version": "5.0.0",
      "dev": true,
      "requires": {
        "p-locate": "^4.1.0"
      }
    },
    "minimatch": {
      "version": "3.1.2",
      "dev": true,
      "requires": {
        "brace-expansion": "^1.1.7"
      }
    },
    "mkdirp": {
      "version": "1.0.4",
      "dev": true
    },
    "noms": {
      "version": "0.0.0",
      "dev": true,
      "requires": {
        "inherits": "^2.0.1",
        "readable-stream": "~1.0.31"
      }
    },
    "once": {
      "version": "1.4.0",
      "dev": true,
      "requires": {
        "wrappy": "1"
      }
    },
    "p-limit": {
      "version": "2.3.0",
      "dev": true,
      "requires": {
        "p-try": "^2.0.0"
      }
    },
    "p-locate": {
      "version": "4.1.0",
      "dev": true,
      "requires": {
        "p-limit": "^2.2.0"
      }
    },
    "p-try": {
      "version": "2.2.0",
      "dev": true
    },
    "path-exists": {
      "version": "4.0.0",
      "dev": true
    },
    "path-is-absolute": {
      "version": "1.0.1",
      "dev": true
    },
    "process-nextick-args": {
      "version": "2.0.1",
      "dev": true
    },
    "readable-stream": {
      "version": "1.0.34",
      "dev": true,
      "requires": {
        "core-util-is": "~1.0.0",
        "inherits": "~2.0.1",
        "isarray": "0.0.1",
        "string_decoder": "~0.10.x"
      }
    },
    "require-directory": {
      "version": "2.1.1",
      "dev": true
    },
    "require-main-filename": {
      "version": "2.0.0",
      "dev": true
    },
    "safe-buffer": {
      "version": "5.1.2",
      "dev": true
    },
    "set-blocking": {
      "version": "2.0.0",
      "dev": true
    },
    "string_decoder": {
      "version": "0.10.31",
      "dev": true
    },
    "string-width": {
      "version": "4.2.3",
      "dev": true,
      "requires": {
        "emoji-regex": "^8.0.0",
        "is-fullwidth-code-point": "^3.0.0",
        "strip-ansi": "^6.0.1"
      }
    },
    "strip-ansi": {
      "version": "6.0.1",
      "dev": true,
      "requires": {
        "ansi-regex": "^5.0.1"
      }
    },
    "through2": {
      "version": "2.0.5",
      "dev": true,
      "requires": {
        "readable-stream": "~2.3.6",
        "xtend": "~4.0.1"
      },
      "dependencies": {
        "isarray": {
          "version": "1.0.0",
          "dev": true
        },
        "readable-stream": {
          "version": "2.3.7",
          "dev": true,
          "requires": {
            "core-util-is": "~1.0.0",
            "inherits": "~2.0.3",
            "isarray": "~1.0.0",
            "process-nextick-args": "~2.0.0",
            "safe-buffer": "~5.1.1",
            "string_decoder": "~1.1.1",
            "util-deprecate": "~1.0.1"
          }
        },
        "string_decoder": {
          "version": "1.1.1",
          "dev": true,
          "requires": {
            "safe-buffer": "~5.1.0"
          }
        }
      }
    },
    "untildify": {
      "version": "4.0.0",
      "dev": true
    },
    "util-deprecate": {
      "version": "1.0.2",
      "dev": true
    },
    "which-module": {
      "version": "2.0.0",
      "dev": true
    },
    "wrap-ansi": {
      "version": "6.2.0",
      "dev": true,
      "requires": {
        "ansi-styles": "^4.0.0",
        "string-width": "^4.1.0",
        "strip-ansi": "^6.0.0"
      }
    },
    "wrappy": {
      "version": "1.0.2",
      "dev": true
    },
    "xtend": {
      "version": "4.0.2",
      "dev": true
    },
    "y18n": {
      "version": "4.0.3",
      "dev": true
    },
    "yargs": {
      "version": "15.4.1",
      "dev": true,
      "requires": {
        "cliui": "^6.0.0",
        "decamelize": "^1.2.0",
        "find-up": "^4.1.0",
        "get-caller-file": "^2.0.1",
        "require-directory": "^2.1.1",
        "require-main-filename": "^2.0.0",
        "set-blocking": "^2.0.0",
        "string-width": "^4.2.0",
        "which-module": "^2.0.0",
        "y18n": "^4.0.0",
        "yargs-parser": "^18.1.2"
      }
    },
    "yargs-parser": {
      "version": "18.1.3",
      "dev": true,
      "requires": {
        "camelcase": "^5.0.0",
        "decamelize": "^1.2.0"
      }
    }
  }
}
